// !$*UTF8*$!
{
	archiveVersion = 1;
	classes = {
	};
	objectVersion = 54;
	objects = {

/* Begin PBXBuildFile section */
		4834D0369240F28DD89E2CE7 /* libPods-helloworld.a in Frameworks */ = {isa = PBXBuildFile; fileRef = 63528B635ACD9DE0B15239E0 /* libPods-helloworld.a */; };
		82A529CB2531CEE00067B9C3 /* icon.bundle in Resources */ = {isa = PBXBuildFile; fileRef = 82A529CA2531CEE00067B9C3 /* icon.bundle */; };
		B70E345A255BE39700C354DD /* GTVideoViewController.m in Sources */ = {isa = PBXBuildFile; fileRef = B70E3459255BE39700C354DD /* GTVideoViewController.m */; };
		B717BBDA25A2AF720014FA11 /* GTDetailViewController.m in Sources */ = {isa = PBXBuildFile; fileRef = B717BBD925A2AF720014FA11 /* GTDetailViewController.m */; };
		B7277C1C251CEA6D00011B4B /* AppDelegate.m in Sources */ = {isa = PBXBuildFile; fileRef = B7277C1B251CEA6D00011B4B /* AppDelegate.m */; };
		B7277C1F251CEA6D00011B4B /* SceneDelegate.m in Sources */ = {isa = PBXBuildFile; fileRef = B7277C1E251CEA6D00011B4B /* SceneDelegate.m */; };
		B7277C22251CEA6D00011B4B /* GTNewsViewController.m in Sources */ = {isa = PBXBuildFile; fileRef = B7277C21251CEA6D00011B4B /* GTNewsViewController.m */; };
		B7277C25251CEA6D00011B4B /* Main.storyboard in Resources */ = {isa = PBXBuildFile; fileRef = B7277C23251CEA6D00011B4B /* Main.storyboard */; };
		B7277C27251CEA6E00011B4B /* Assets.xcassets in Resources */ = {isa = PBXBuildFile; fileRef = B7277C26251CEA6E00011B4B /* Assets.xcassets */; };
		B7277C2A251CEA6E00011B4B /* LaunchScreen.storyboard in Resources */ = {isa = PBXBuildFile; fileRef = B7277C28251CEA6E00011B4B /* LaunchScreen.storyboard */; };
		B7277C2D251CEA6E00011B4B /* main.m in Sources */ = {isa = PBXBuildFile; fileRef = B7277C2C251CEA6E00011B4B /* main.m */; };
		B73B77EB256A60FE001966A7 /* GTRecommendViewController.m in Sources */ = {isa = PBXBuildFile; fileRef = B73B77EA256A60FE001966A7 /* GTRecommendViewController.m */; };
		B771543225EDC69C00E152F2 /* GTListLoader.m in Sources */ = {isa = PBXBuildFile; fileRef = B771543125EDC69C00E152F2 /* GTListLoader.m */; };
		B776EA3C25D27A4500F44688 /* GTDeleteCellView.m in Sources */ = {isa = PBXBuildFile; fileRef = B776EA3B25D27A4500F44688 /* GTDeleteCellView.m */; };
		B7AD164F258B5C720052C2EB /* GTNormalTableViewCell.m in Sources */ = {isa = PBXBuildFile; fileRef = B7AD164E258B5C720052C2EB /* GTNormalTableViewCell.m */; };
		B7B0FF0F26036C200065C7BA /* GTListitem.m in Sources */ = {isa = PBXBuildFile; fileRef = B7B0FF0E26036C200065C7BA /* GTListitem.m */; };
/* End PBXBuildFile section */

/* Begin PBXFileReference section */
		63528B635ACD9DE0B15239E0 /* libPods-helloworld.a */ = {isa = PBXFileReference; explicitFileType = archive.ar; includeInIndex = 0; path = "libPods-helloworld.a"; sourceTree = BUILT_PRODUCTS_DIR; };
		82A529CA2531CEE00067B9C3 /* icon.bundle */ = {isa = PBXFileReference; lastKnownFileType = "wrapper.plug-in"; path = icon.bundle; sourceTree = "<group>"; };
		B48694574E6F49FB2B6CB272 /* Pods-helloworld.release.xcconfig */ = {isa = PBXFileReference; includeInIndex = 1; lastKnownFileType = text.xcconfig; name = "Pods-helloworld.release.xcconfig"; path = "Target Support Files/Pods-helloworld/Pods-helloworld.release.xcconfig"; sourceTree = "<group>"; };
		B70E3458255BE39700C354DD /* GTVideoViewController.h */ = {isa = PBXFileReference; lastKnownFileType = sourcecode.c.h; path = GTVideoViewController.h; sourceTree = "<group>"; };
		B70E3459255BE39700C354DD /* GTVideoViewController.m */ = {isa = PBXFileReference; lastKnownFileType = sourcecode.c.objc; path = GTVideoViewController.m; sourceTree = "<group>"; };
		B717BBD825A2AF720014FA11 /* GTDetailViewController.h */ = {isa = PBXFileReference; lastKnownFileType = sourcecode.c.h; path = GTDetailViewController.h; sourceTree = "<group>"; };
		B717BBD925A2AF720014FA11 /* GTDetailViewController.m */ = {isa = PBXFileReference; lastKnownFileType = sourcecode.c.objc; path = GTDetailViewController.m; sourceTree = "<group>"; };
		B7277C17251CEA6D00011B4B /* helloworld.app */ = {isa = PBXFileReference; explicitFileType = wrapper.application; includeInIndex = 0; path = helloworld.app; sourceTree = BUILT_PRODUCTS_DIR; };
		B7277C1A251CEA6D00011B4B /* AppDelegate.h */ = {isa = PBXFileReference; lastKnownFileType = sourcecode.c.h; path = AppDelegate.h; sourceTree = "<group>"; };
		B7277C1B251CEA6D00011B4B /* AppDelegate.m */ = {isa = PBXFileReference; lastKnownFileType = sourcecode.c.objc; path = AppDelegate.m; sourceTree = "<group>"; };
		B7277C1D251CEA6D00011B4B /* SceneDelegate.h */ = {isa = PBXFileReference; lastKnownFileType = sourcecode.c.h; path = SceneDelegate.h; sourceTree = "<group>"; };
		B7277C1E251CEA6D00011B4B /* SceneDelegate.m */ = {isa = PBXFileReference; lastKnownFileType = sourcecode.c.objc; path = SceneDelegate.m; sourceTree = "<group>"; };
		B7277C20251CEA6D00011B4B /* GTNewsViewController.h */ = {isa = PBXFileReference; lastKnownFileType = sourcecode.c.h; path = GTNewsViewController.h; sourceTree = "<group>"; };
		B7277C21251CEA6D00011B4B /* GTNewsViewController.m */ = {isa = PBXFileReference; lastKnownFileType = sourcecode.c.objc; path = GTNewsViewController.m; sourceTree = "<group>"; };
		B7277C24251CEA6D00011B4B /* Base */ = {isa = PBXFileReference; lastKnownFileType = file.storyboard; name = Base; path = Base.lproj/Main.storyboard; sourceTree = "<group>"; };
		B7277C26251CEA6E00011B4B /* Assets.xcassets */ = {isa = PBXFileReference; lastKnownFileType = folder.assetcatalog; path = Assets.xcassets; sourceTree = "<group>"; };
		B7277C29251CEA6E00011B4B /* Base */ = {isa = PBXFileReference; lastKnownFileType = file.storyboard; name = Base; path = Base.lproj/LaunchScreen.storyboard; sourceTree = "<group>"; };
		B7277C2B251CEA6E00011B4B /* Info.plist */ = {isa = PBXFileReference; lastKnownFileType = text.plist.xml; path = Info.plist; sourceTree = "<group>"; };
		B7277C2C251CEA6E00011B4B /* main.m */ = {isa = PBXFileReference; lastKnownFileType = sourcecode.c.objc; path = main.m; sourceTree = "<group>"; };
		B73B77E9256A60FE001966A7 /* GTRecommendViewController.h */ = {isa = PBXFileReference; lastKnownFileType = sourcecode.c.h; path = GTRecommendViewController.h; sourceTree = "<group>"; };
		B73B77EA256A60FE001966A7 /* GTRecommendViewController.m */ = {isa = PBXFileReference; lastKnownFileType = sourcecode.c.objc; path = GTRecommendViewController.m; sourceTree = "<group>"; };
		B771543025EDC69C00E152F2 /* GTListLoader.h */ = {isa = PBXFileReference; lastKnownFileType = sourcecode.c.h; path = GTListLoader.h; sourceTree = "<group>"; };
		B771543125EDC69C00E152F2 /* GTListLoader.m */ = {isa = PBXFileReference; lastKnownFileType = sourcecode.c.objc; path = GTListLoader.m; sourceTree = "<group>"; };
		B776EA3A25D27A4500F44688 /* GTDeleteCellView.h */ = {isa = PBXFileReference; lastKnownFileType = sourcecode.c.h; path = GTDeleteCellView.h; sourceTree = "<group>"; };
		B776EA3B25D27A4500F44688 /* GTDeleteCellView.m */ = {isa = PBXFileReference; lastKnownFileType = sourcecode.c.objc; path = GTDeleteCellView.m; sourceTree = "<group>"; };
		B7AD164D258B5C720052C2EB /* GTNormalTableViewCell.h */ = {isa = PBXFileReference; lastKnownFileType = sourcecode.c.h; path = GTNormalTableViewCell.h; sourceTree = "<group>"; };
		B7AD164E258B5C720052C2EB /* GTNormalTableViewCell.m */ = {isa = PBXFileReference; lastKnownFileType = sourcecode.c.objc; path = GTNormalTableViewCell.m; sourceTree = "<group>"; };
		B7B0FF0D26036C200065C7BA /* GTListitem.h */ = {isa = PBXFileReference; lastKnownFileType = sourcecode.c.h; path = GTListitem.h; sourceTree = "<group>"; };
		B7B0FF0E26036C200065C7BA /* GTListitem.m */ = {isa = PBXFileReference; lastKnownFileType = sourcecode.c.objc; path = GTListitem.m; sourceTree = "<group>"; };
		C6AEBADDA6EED61A040D4B6F /* Pods-helloworld.debug.xcconfig */ = {isa = PBXFileReference; includeInIndex = 1; lastKnownFileType = text.xcconfig; name = "Pods-helloworld.debug.xcconfig"; path = "Target Support Files/Pods-helloworld/Pods-helloworld.debug.xcconfig"; sourceTree = "<group>"; };
/* End PBXFileReference section */

/* Begin PBXFrameworksBuildPhase section */
		B7277C14251CEA6D00011B4B /* Frameworks */ = {
			isa = PBXFrameworksBuildPhase;
			buildActionMask = 2147483647;
			files = (
				4834D0369240F28DD89E2CE7 /* libPods-helloworld.a in Frameworks */,
			);
			runOnlyForDeploymentPostprocessing = 0;
		};
/* End PBXFrameworksBuildPhase section */

/* Begin PBXGroup section */
		B7277C0E251CEA6D00011B4B = {
			isa = PBXGroup;
			children = (
				B7277C19251CEA6D00011B4B /* helloworld */,
				B7277C18251CEA6D00011B4B /* Products */,
				F574EB2098B294CF06413ACC /* Pods */,
				E84213F79FEC757860019175 /* Frameworks */,
			);
			sourceTree = "<group>";
		};
		B7277C18251CEA6D00011B4B /* Products */ = {
			isa = PBXGroup;
			children = (
				B7277C17251CEA6D00011B4B /* helloworld.app */,
			);
			name = Products;
			sourceTree = "<group>";
		};
		B7277C19251CEA6D00011B4B /* helloworld */ = {
			isa = PBXGroup;
			children = (
				B77865AF25E65CA600F10A45 /* NewsController */,
				82A529CA2531CEE00067B9C3 /* icon.bundle */,
				B7277C1A251CEA6D00011B4B /* AppDelegate.h */,
				B7277C1B251CEA6D00011B4B /* AppDelegate.m */,
				B7277C1D251CEA6D00011B4B /* SceneDelegate.h */,
				B7277C1E251CEA6D00011B4B /* SceneDelegate.m */,
				B7277C23251CEA6D00011B4B /* Main.storyboard */,
				B7277C26251CEA6E00011B4B /* Assets.xcassets */,
				B7277C28251CEA6E00011B4B /* LaunchScreen.storyboard */,
				B7277C2B251CEA6E00011B4B /* Info.plist */,
				B7277C2C251CEA6E00011B4B /* main.m */,
			);
			path = helloworld;
			sourceTree = "<group>";
		};
		B77865AF25E65CA600F10A45 /* NewsController */ = {
			isa = PBXGroup;
			children = (
				B7B0FF0C26036BB60065C7BA /* Detail */,
				B7B0FF0B26036BA30065C7BA /* Controller */,
				B7B0FF0A26036AB80065C7BA /* View */,
				B7B0FF0926036AAD0065C7BA /* Model */,
				B70E3458255BE39700C354DD /* GTVideoViewController.h */,
				B70E3459255BE39700C354DD /* GTVideoViewController.m */,
				B73B77E9256A60FE001966A7 /* GTRecommendViewController.h */,
				B73B77EA256A60FE001966A7 /* GTRecommendViewController.m */,
			);
			path = NewsController;
			sourceTree = "<group>";
		};
		B7B0FF0926036AAD0065C7BA /* Model */ = {
			isa = PBXGroup;
			children = (
				B771543025EDC69C00E152F2 /* GTListLoader.h */,
				B771543125EDC69C00E152F2 /* GTListLoader.m */,
				B7B0FF0D26036C200065C7BA /* GTListitem.h */,
				B7B0FF0E26036C200065C7BA /* GTListitem.m */,
			);
			path = Model;
			sourceTree = "<group>";
		};
		B7B0FF0A26036AB80065C7BA /* View */ = {
			isa = PBXGroup;
			children = (
				B7AD164D258B5C720052C2EB /* GTNormalTableViewCell.h */,
				B7AD164E258B5C720052C2EB /* GTNormalTableViewCell.m */,
				B776EA3A25D27A4500F44688 /* GTDeleteCellView.h */,
				B776EA3B25D27A4500F44688 /* GTDeleteCellView.m */,
			);
			path = View;
			sourceTree = "<group>";
		};
		B7B0FF0B26036BA30065C7BA /* Controller */ = {
			isa = PBXGroup;
			children = (
				B7277C20251CEA6D00011B4B /* GTNewsViewController.h */,
				B7277C21251CEA6D00011B4B /* GTNewsViewController.m */,
			);
			path = Controller;
			sourceTree = "<group>";
		};
		B7B0FF0C26036BB60065C7BA /* Detail */ = {
			isa = PBXGroup;
			children = (
				B717BBD825A2AF720014FA11 /* GTDetailViewController.h */,
				B717BBD925A2AF720014FA11 /* GTDetailViewController.m */,
			);
			path = Detail;
			sourceTree = "<group>";
		};
		E84213F79FEC757860019175 /* Frameworks */ = {
			isa = PBXGroup;
			children = (
				63528B635ACD9DE0B15239E0 /* libPods-helloworld.a */,
			);
			name = Frameworks;
			sourceTree = "<group>";
		};
		F574EB2098B294CF06413ACC /* Pods */ = {
			isa = PBXGroup;
			children = (
				C6AEBADDA6EED61A040D4B6F /* Pods-helloworld.debug.xcconfig */,
				B48694574E6F49FB2B6CB272 /* Pods-helloworld.release.xcconfig */,
			);
			path = Pods;
			sourceTree = "<group>";
		};
/* End PBXGroup section */

/* Begin PBXNativeTarget section */
		B7277C16251CEA6D00011B4B /* helloworld */ = {
			isa = PBXNativeTarget;
			buildConfigurationList = B7277C30251CEA6E00011B4B /* Build configuration list for PBXNativeTarget "helloworld" */;
			buildPhases = (
				483C35B10B3601866C3723AD /* [CP] Check Pods Manifest.lock */,
				B7277C13251CEA6D00011B4B /* Sources */,
				B7277C14251CEA6D00011B4B /* Frameworks */,
				B7277C15251CEA6D00011B4B /* Resources */,
			);
			buildRules = (
			);
			dependencies = (
			);
			name = helloworld;
			productName = helloworld;
			productReference = B7277C17251CEA6D00011B4B /* helloworld.app */;
			productType = "com.apple.product-type.application";
		};
/* End PBXNativeTarget section */

/* Begin PBXProject section */
		B7277C0F251CEA6D00011B4B /* Project object */ = {
			isa = PBXProject;
			attributes = {
				LastUpgradeCheck = 1200;
				TargetAttributes = {
					B7277C16251CEA6D00011B4B = {
						CreatedOnToolsVersion = 12.0;
					};
				};
			};
			buildConfigurationList = B7277C12251CEA6D00011B4B /* Build configuration list for PBXProject "helloworld" */;
			compatibilityVersion = "Xcode 12.0";
			developmentRegion = en;
			hasScannedForEncodings = 0;
			knownRegions = (
				en,
				Base,
			);
			mainGroup = B7277C0E251CEA6D00011B4B;
			productRefGroup = B7277C18251CEA6D00011B4B /* Products */;
			projectDirPath = "";
			projectRoot = "";
			targets = (
				B7277C16251CEA6D00011B4B /* helloworld */,
			);
		};
/* End PBXProject section */

/* Begin PBXResourcesBuildPhase section */
		B7277C15251CEA6D00011B4B /* Resources */ = {
			isa = PBXResourcesBuildPhase;
			buildActionMask = 2147483647;
			files = (
				82A529CB2531CEE00067B9C3 /* icon.bundle in Resources */,
				B7277C2A251CEA6E00011B4B /* LaunchScreen.storyboard in Resources */,
				B7277C27251CEA6E00011B4B /* Assets.xcassets in Resources */,
				B7277C25251CEA6D00011B4B /* Main.storyboard in Resources */,
			);
			runOnlyForDeploymentPostprocessing = 0;
		};
/* End PBXResourcesBuildPhase section */

/* Begin PBXShellScriptBuildPhase section */
		483C35B10B3601866C3723AD /* [CP] Check Pods Manifest.lock */ = {
			isa = PBXShellScriptBuildPhase;
			buildActionMask = 2147483647;
			files = (
			);
			inputFileListPaths = (
			);
			inputPaths = (
				"${PODS_PODFILE_DIR_PATH}/Podfile.lock",
				"${PODS_ROOT}/Manifest.lock",
			);
			name = "[CP] Check Pods Manifest.lock";
			outputFileListPaths = (
			);
			outputPaths = (
				"$(DERIVED_FILE_DIR)/Pods-helloworld-checkManifestLockResult.txt",
			);
			runOnlyForDeploymentPostprocessing = 0;
			shellPath = /bin/sh;
			shellScript = "diff \"${PODS_PODFILE_DIR_PATH}/Podfile.lock\" \"${PODS_ROOT}/Manifest.lock\" > /dev/null\nif [ $? != 0 ] ; then\n    # print error to STDERR\n    echo \"error: The sandbox is not in sync with the Podfile.lock. Run 'pod install' or update your CocoaPods installation.\" >&2\n    exit 1\nfi\n# This output is used by Xcode 'outputs' to avoid re-running this script phase.\necho \"SUCCESS\" > \"${SCRIPT_OUTPUT_FILE_0}\"\n";
			showEnvVarsInLog = 0;
		};
/* End PBXShellScriptBuildPhase section */

/* Begin PBXSourcesBuildPhase section */
		B7277C13251CEA6D00011B4B /* Sources */ = {
			isa = PBXSourcesBuildPhase;
			buildActionMask = 2147483647;
			files = (
				B717BBDA25A2AF720014FA11 /* GTDetailViewController.m in Sources */,
				B776EA3C25D27A4500F44688 /* GTDeleteCellView.m in Sources */,
				B7AD164F258B5C720052C2EB /* GTNormalTableViewCell.m in Sources */,
				B7277C22251CEA6D00011B4B /* GTNewsViewController.m in Sources */,
				B7B0FF0F26036C200065C7BA /* GTListitem.m in Sources */,
				B70E345A255BE39700C354DD /* GTVideoViewController.m in Sources */,
				B771543225EDC69C00E152F2 /* GTListLoader.m in Sources */,
				B73B77EB256A60FE001966A7 /* GTRecommendViewController.m in Sources */,
				B7277C1C251CEA6D00011B4B /* AppDelegate.m in Sources */,
				B7277C2D251CEA6E00011B4B /* main.m in Sources */,
				B7277C1F251CEA6D00011B4B /* SceneDelegate.m in Sources */,
			);
			runOnlyForDeploymentPostprocessing = 0;
		};
/* End PBXSourcesBuildPhase section */

/* Begin PBXVariantGroup section */
		B7277C23251CEA6D00011B4B /* Main.storyboard */ = {
			isa = PBXVariantGroup;
			children = (
				B7277C24251CEA6D00011B4B /* Base */,
			);
			name = Main.storyboard;
			sourceTree = "<group>";
		};
		B7277C28251CEA6E00011B4B /* LaunchScreen.storyboard */ = {
			isa = PBXVariantGroup;
			children = (
				B7277C29251CEA6E00011B4B /* Base */,
			);
			name = LaunchScreen.storyboard;
			sourceTree = "<group>";
		};
/* End PBXVariantGroup section */

/* Begin XCBuildConfiguration section */
		B7277C2E251CEA6E00011B4B /* Debug */ = {
			isa = XCBuildConfiguration;
			buildSettings = {
				ALWAYS_SEARCH_USER_PATHS = NO;
				CLANG_ANALYZER_NONNULL = YES;
				CLANG_ANALYZER_NUMBER_OBJECT_CONVERSION = YES_AGGRESSIVE;
				CLANG_CXX_LANGUAGE_STANDARD = "gnu++14";
				CLANG_CXX_LIBRARY = "libc++";
				CLANG_ENABLE_MODULES = YES;
				CLANG_ENABLE_OBJC_ARC = YES;
				CLANG_ENABLE_OBJC_WEAK = YES;
				CLANG_WARN_BLOCK_CAPTURE_AUTORELEASING = YES;
				CLANG_WARN_BOOL_CONVERSION = YES;
				CLANG_WARN_COMMA = YES;
				CLANG_WARN_CONSTANT_CONVERSION = YES;
				CLANG_WARN_DEPRECATED_OBJC_IMPLEMENTATIONS = YES;
				CLANG_WARN_DIRECT_OBJC_ISA_USAGE = YES_ERROR;
				CLANG_WARN_DOCUMENTATION_COMMENTS = YES;
				CLANG_WARN_EMPTY_BODY = YES;
				CLANG_WARN_ENUM_CONVERSION = YES;
				CLANG_WARN_INFINITE_RECURSION = YES;
				CLANG_WARN_INT_CONVERSION = YES;
				CLANG_WARN_NON_LITERAL_NULL_CONVERSION = YES;
				CLANG_WARN_OBJC_IMPLICIT_RETAIN_SELF = YES;
				CLANG_WARN_OBJC_LITERAL_CONVERSION = YES;
				CLANG_WARN_OBJC_ROOT_CLASS = YES_ERROR;
				CLANG_WARN_QUOTED_INCLUDE_IN_FRAMEWORK_HEADER = YES;
				CLANG_WARN_RANGE_LOOP_ANALYSIS = YES;
				CLANG_WARN_STRICT_PROTOTYPES = YES;
				CLANG_WARN_SUSPICIOUS_MOVE = YES;
				CLANG_WARN_UNGUARDED_AVAILABILITY = YES_AGGRESSIVE;
				CLANG_WARN_UNREACHABLE_CODE = YES;
				CLANG_WARN__DUPLICATE_METHOD_MATCH = YES;
				COPY_PHASE_STRIP = NO;
				DEBUG_INFORMATION_FORMAT = dwarf;
				ENABLE_STRICT_OBJC_MSGSEND = YES;
				ENABLE_TESTABILITY = YES;
				GCC_C_LANGUAGE_STANDARD = gnu11;
				GCC_DYNAMIC_NO_PIC = NO;
				GCC_NO_COMMON_BLOCKS = YES;
				GCC_OPTIMIZATION_LEVEL = 0;
				GCC_PREPROCESSOR_DEFINITIONS = (
					"DEBUG=1",
					"$(inherited)",
				);
				GCC_WARN_64_TO_32_BIT_CONVERSION = YES;
				GCC_WARN_ABOUT_RETURN_TYPE = YES_ERROR;
				GCC_WARN_UNDECLARED_SELECTOR = YES;
				GCC_WARN_UNINITIALIZED_AUTOS = YES_AGGRESSIVE;
				GCC_WARN_UNUSED_FUNCTION = YES;
				GCC_WARN_UNUSED_VARIABLE = YES;
				IPHONEOS_DEPLOYMENT_TARGET = 14.0;
				MTL_ENABLE_DEBUG_INFO = INCLUDE_SOURCE;
				MTL_FAST_MATH = YES;
				ONLY_ACTIVE_ARCH = YES;
				SDKROOT = iphoneos;
			};
			name = Debug;
		};
		B7277C2F251CEA6E00011B4B /* Release */ = {
			isa = XCBuildConfiguration;
			buildSettings = {
				ALWAYS_SEARCH_USER_PATHS = NO;
				CLANG_ANALYZER_NONNULL = YES;
				CLANG_ANALYZER_NUMBER_OBJECT_CONVERSION = YES_AGGRESSIVE;
				CLANG_CXX_LANGUAGE_STANDARD = "gnu++14";
				CLANG_CXX_LIBRARY = "libc++";
				CLANG_ENABLE_MODULES = YES;
				CLANG_ENABLE_OBJC_ARC = YES;
				CLANG_ENABLE_OBJC_WEAK = YES;
				CLANG_WARN_BLOCK_CAPTURE_AUTORELEASING = YES;
				CLANG_WARN_BOOL_CONVERSION = YES;
				CLANG_WARN_COMMA = YES;
				CLANG_WARN_CONSTANT_CONVERSION = YES;
				CLANG_WARN_DEPRECATED_OBJC_IMPLEMENTATIONS = YES;
				CLANG_WARN_DIRECT_OBJC_ISA_USAGE = YES_ERROR;
				CLANG_WARN_DOCUMENTATION_COMMENTS = YES;
				CLANG_WARN_EMPTY_BODY = YES;
				CLANG_WARN_ENUM_CONVERSION = YES;
				CLANG_WARN_INFINITE_RECURSION = YES;
				CLANG_WARN_INT_CONVERSION = YES;
				CLANG_WARN_NON_LITERAL_NULL_CONVERSION = YES;
				CLANG_WARN_OBJC_IMPLICIT_RETAIN_SELF = YES;
				CLANG_WARN_OBJC_LITERAL_CONVERSION = YES;
				CLANG_WARN_OBJC_ROOT_CLASS = YES_ERROR;
				CLANG_WARN_QUOTED_INCLUDE_IN_FRAMEWORK_HEADER = YES;
				CLANG_WARN_RANGE_LOOP_ANALYSIS = YES;
				CLANG_WARN_STRICT_PROTOTYPES = YES;
				CLANG_WARN_SUSPICIOUS_MOVE = YES;
				CLANG_WARN_UNGUARDED_AVAILABILITY = YES_AGGRESSIVE;
				CLANG_WARN_UNREACHABLE_CODE = YES;
				CLANG_WARN__DUPLICATE_METHOD_MATCH = YES;
				COPY_PHASE_STRIP = NO;
				DEBUG_INFORMATION_FORMAT = "dwarf-with-dsym";
				ENABLE_NS_ASSERTIONS = NO;
				ENABLE_STRICT_OBJC_MSGSEND = YES;
				GCC_C_LANGUAGE_STANDARD = gnu11;
				GCC_NO_COMMON_BLOCKS = YES;
				GCC_WARN_64_TO_32_BIT_CONVERSION = YES;
				GCC_WARN_ABOUT_RETURN_TYPE = YES_ERROR;
				GCC_WARN_UNDECLARED_SELECTOR = YES;
				GCC_WARN_UNINITIALIZED_AUTOS = YES_AGGRESSIVE;
				GCC_WARN_UNUSED_FUNCTION = YES;
				GCC_WARN_UNUSED_VARIABLE = YES;
				IPHONEOS_DEPLOYMENT_TARGET = 14.0;
				MTL_ENABLE_DEBUG_INFO = NO;
				MTL_FAST_MATH = YES;
				SDKROOT = iphoneos;
				VALIDATE_PRODUCT = YES;
			};
			name = Release;
		};
		B7277C31251CEA6E00011B4B /* Debug */ = {
			isa = XCBuildConfiguration;
			baseConfigurationReference = C6AEBADDA6EED61A040D4B6F /* Pods-helloworld.debug.xcconfig */;
			buildSettings = {
				ASSETCATALOG_COMPILER_APPICON_NAME = AppIcon;
				ASSETCATALOG_COMPILER_GLOBAL_ACCENT_COLOR_NAME = AccentColor;
				CODE_SIGN_STYLE = Automatic;
				DEVELOPMENT_TEAM = 9T9667Z235;
				INFOPLIST_FILE = helloworld/Info.plist;
				LD_RUNPATH_SEARCH_PATHS = (
					"$(inherited)",
					"@executable_path/Frameworks",
				);
				PRODUCT_BUNDLE_IDENTIFIER = com.wangzhizheng.helloworld.helloworld;
				PRODUCT_NAME = "$(TARGET_NAME)";
				TARGETED_DEVICE_FAMILY = "1,2";
			};
			name = Debug;
		};
		B7277C32251CEA6E00011B4B /* Release */ = {
			isa = XCBuildConfiguration;
			baseConfigurationReference = B48694574E6F49FB2B6CB272 /* Pods-helloworld.release.xcconfig */;
			buildSettings = {
				ASSETCATALOG_COMPILER_APPICON_NAME = AppIcon;
				ASSETCATALOG_COMPILER_GLOBAL_ACCENT_COLOR_NAME = AccentColor;
				CODE_SIGN_STYLE = Automatic;
				DEVELOPMENT_TEAM = 9T9667Z235;
				INFOPLIST_FILE = helloworld/Info.plist;
				LD_RUNPATH_SEARCH_PATHS = (
					"$(inherited)",
					"@executable_path/Frameworks",
				);
				PRODUCT_BUNDLE_IDENTIFIER = com.wangzhizheng.helloworld.helloworld;
				PRODUCT_NAME = "$(TARGET_NAME)";
				TARGETED_DEVICE_FAMILY = "1,2";
			};
			name = Release;
		};
/* End XCBuildConfiguration section */

/* Begin XCConfigurationList section */
		B7277C12251CEA6D00011B4B /* Build configuration list for PBXProject "helloworld" */ = {
			isa = XCConfigurationList;
			buildConfigurations = (
				B7277C2E251CEA6E00011B4B /* Debug */,
				B7277C2F251CEA6E00011B4B /* Release */,
			);
			defaultConfigurationIsVisible = 0;
			defaultConfigurationName = Release;
		};
		B7277C30251CEA6E00011B4B /* Build configuration list for PBXNativeTarget "helloworld" */ = {
			isa = XCConfigurationList;
			buildConfigurations = (
				B7277C31251CEA6E00011B4B /* Debug */,
				B7277C32251CEA6E00011B4B /* Release */,
			);
			defaultConfigurationIsVisible = 0;
			defaultConfigurationName = Release;
		};
/* End XCConfigurationList section */
	};
	rootObject = B7277C0F251CEA6D00011B4B /* Project object */;
}
